
Microsoft Visual Studio Solution File, Format Version 12.00
# Visual Studio Version 17
VisualStudioVersion = 17.10.34916.146
MinimumVisualStudioVersion = 10.0.40219.1
Project("{8BC9CEB8-8B4A-11D0-8D11-00A0C91BC942}") = "bukubukubuku", "bukubukubuku\bukubukubuku.vcxproj", "{44C9C3D4-F8EF-4A0E-ABA2-D841C77CBB65}"
EndProject
Global
	GlobalSection(SolutionConfigurationPlatforms) = preSolution
		Debug|x64 = Debug|x64
		Debug|x86 = Debug|x86
		Release|x64 = Release|x64
		Release|x86 = Release|x86
	EndGlobalSection
	GlobalSection(ProjectConfigurationPlatforms) = postSolution
		{44C9C3D4-F8EF-4A0E-ABA2-D841C77CBB65}.Debug|x64.ActiveCfg = Debug|x64
		{44C9C3D4-F8EF-4A0E-ABA2-D841C77CBB65}.Debug|x64.Build.0 = Debug|x64
		{44C9C3D4-F8EF-4A0E-ABA2-D841C77CBB65}.Debug|x86.ActiveCfg = Debug|Win32
		{44C9C3D4-F8EF-4A0E-ABA2-D841C77CBB65}.Debug|x86.Build.0 = Debug|Win32
		{44C9C3D4-F8EF-4A0E-ABA2-D841C77CBB65}.Release|x64.ActiveCfg = Release|x64
		{44C9C3D4-F8EF-4A0E-ABA2-D841C77CBB65}.Release|x64.Build.0 = Release|x64
		{44C9C3D4-F8EF-4A0E-ABA2-D841C77CBB65}.Release|x86.ActiveCfg = Release|Win32
		{44C9C3D4-F8EF-4A0E-ABA2-D841C77CBB65}.Release|x86.Build.0 = Release|Win32
	EndGlobalSection
	GlobalSection(SolutionProperties) = preSolution
		HideSolutionNode = FALSE
	EndGlobalSection
	GlobalSection(ExtensibilityGlobals) = postSolution
		SolutionGuid = {0BC053FD-E82A-4E84-831F-4DC587883B87}
	EndGlobalSection
EndGlobal
